
Microsoft Visual Studio Solution File, Format Version 12.00
# Visual Studio Version 17
VisualStudioVersion = 17.8.34316.72
MinimumVisualStudioVersion = 10.0.40219.1
Project("{FAE04EC0-301F-11D3-BF4B-00C04F79EFBC}") = "EJERCICIO 2", "EJERCICIO 2.csproj", "{708D2E41-D953-411C-964E-669281A0F86E}"
EndProject
Global
	GlobalSection(SolutionConfigurationPlatforms) = preSolution
		Debug|Any CPU = Debug|Any CPU
		Release|Any CPU = Release|Any CPU
	EndGlobalSection
	GlobalSection(ProjectConfigurationPlatforms) = postSolution
		{708D2E41-D953-411C-964E-669281A0F86E}.Debug|Any CPU.ActiveCfg = Debug|Any CPU
		{708D2E41-D953-411C-964E-669281A0F86E}.Debug|Any CPU.Build.0 = Debug|Any CPU
		{708D2E41-D953-411C-964E-669281A0F86E}.Release|Any CPU.ActiveCfg = Release|Any CPU
		{708D2E41-D953-411C-964E-669281A0F86E}.Release|Any CPU.Build.0 = Release|Any CPU
	EndGlobalSection
	GlobalSection(SolutionProperties) = preSolution
		HideSolutionNode = FALSE
	EndGlobalSection
	GlobalSection(ExtensibilityGlobals) = postSolution
		SolutionGuid = {B8799207-342C-4E2A-AE1C-A480A29AE8DB}
	EndGlobalSection
EndGlobal
